{
  "name": "dsh-voice-pet-engine",
  "version": "0.1.0",
  "lockfileVersion": 3,
  "requires": true,
  "packages": {
    "": {
      "name": "dsh-voice-pet-engine",
      "version": "0.1.0",
      "dependencies": {
        "@andresaya/edge-tts": "^1.8.0",
        "commander": "^12.1.0",
        "mpg123-decoder": "^1.0.3",
        "pinyin-pro": "^3.29.1",
        "sherpa-onnx-node": "^1.13.5",
        "ws": "^8.21.0"
      }
    },
    "node_modules/@andresaya/edge-tts": {
      "version": "1.8.0",
      "resolved": "https://registry.npmjs.org/@andresaya/edge-tts/-/edge-tts-1.8.0.tgz",
      "integrity": "sha512-T2CzOayfurJq6hidRXDuwoY7wL/jqBfQYacDRb1nKGoPbmjNBFUDtQsLiTIvgS7PwQFUYSO3zNnJ76Nlkhmc4w==",
      "license": "GPL-3.0-only",
      "dependencies": {
        "@types/uuid": "^10.0.0",
        "commander": "^12.1.0",
        "events": "^3.3.0",
        "fs": "^0.0.1-security",
        "ws": "^8.18.3"
      },
      "bin": {
        "edge-tts": "dist/cli/edge-tts.js"
      },
      "engines": {
        "bun": ">=0.5.0"
      },
      "peerDependencies": {
        "typescript": "^5.0.0"
      }
    },
    "node_modules/@eshaz/web-worker": {
      "version": "1.2.2",
      "resolved": "https://registry.npmjs.org/@eshaz/web-worker/-/web-worker-1.2.2.tgz",
      "integrity": "sha512-WxXiHFmD9u/owrzempiDlBB1ZYqiLnm9s6aPc8AlFQalq2tKmqdmMr9GXOupDgzXtqnBipj8Un0gkIm7Sjf8mw==",
      "license": "Apache-2.0"
    },
    "node_modules/@types/uuid": {
      "version": "10.0.0",
      "resolved": "https://registry.npmjs.org/@types/uuid/-/uuid-10.0.0.tgz",
      "integrity": "sha512-7gqG38EyHgyP1S+7+xomFtL+ZNHcKv6DwNaCZmJmo1vgMugyF3TCnXVg4t1uk89mLNwnLtnY3TpOpCOyp1/xHQ==",
      "license": "MIT"
    },
    "node_modules/@wasm-audio-decoders/common": {
      "version": "9.0.7",
      "resolved": "https://registry.npmjs.org/@wasm-audio-decoders/common/-/common-9.0.7.tgz",
      "integrity": "sha512-WRaUuWSKV7pkttBygml/a6dIEpatq2nnZGFIoPTc5yPLkxL6Wk4YaslPM98OPQvWacvNZ+Py9xROGDtrFBDzag==",
      "license": "MIT",
      "dependencies": {
        "@eshaz/web-worker": "1.2.2",
        "simple-yenc": "^1.0.4"
      }
    },
    "node_modules/commander": {
      "version": "12.1.0",
      "resolved": "https://registry.npmjs.org/commander/-/commander-12.1.0.tgz",
      "integrity": "sha512-Vw8qHK3bZM9y/P10u3Vib8o/DdkvA2OtPtZvD871QKjy74Wj1WSKFILMPRPSdUSx5RFK1arlJzEtA4PkFgnbuA==",
      "license": "MIT",
      "engines": {
        "node": ">=18"
      }
    },
    "node_modules/events": {
      "version": "3.3.0",
      "resolved": "https://registry.npmjs.org/events/-/events-3.3.0.tgz",
      "integrity": "sha512-mQw+2fkQbALzQ7V0MY0IqdnXNOeTtP4r0lN9z7AAawCXgqea7bDii20AYrIBrFd/Hx0M2Ocz6S111CaFkUcb0Q==",
      "license": "MIT",
      "engines": {
        "node": ">=0.8.x"
      }
    },
    "node_modules/fs": {
      "version": "0.0.1-security",
      "resolved": "https://registry.npmjs.org/fs/-/fs-0.0.1-security.tgz",
      "integrity": "sha512-3XY9e1pP0CVEUCdj5BmfIZxRBTSDycnbqhIOGec9QYtmVH2fbLpj86CFWkrNOkt/Fvty4KZG5lTglL9j/gJ87w==",
      "license": "ISC"
    },
    "node_modules/mpg123-decoder": {
      "version": "1.0.3",
      "resolved": "https://registry.npmjs.org/mpg123-decoder/-/mpg123-decoder-1.0.3.tgz",
      "integrity": "sha512-+fjxnWigodWJm3+4pndi+KUg9TBojgn31DPk85zEsim7C6s0X5Ztc/hQYdytXkwuGXH+aB0/aEkG40Emukv6oQ==",
      "license": "MIT",
      "dependencies": {
        "@wasm-audio-decoders/common": "9.0.7"
      },
      "funding": {
        "type": "individual",
        "url": "https://github.com/sponsors/eshaz"
      }
    },
    "node_modules/pinyin-pro": {
      "version": "3.29.1",
      "resolved": "https://registry.npmjs.org/pinyin-pro/-/pinyin-pro-3.29.1.tgz",
      "integrity": "sha512-GkdTguAt9JDAO7Xw71gyx3mtzgFXpmeigesM3XkcTcQdudg2v5k1ZFzWM30Oo4UkwZ9U8pE1pcLKKu8cx8icPg==",
      "license": "MIT"
    },
    "node_modules/sherpa-onnx-darwin-arm64": {
      "version": "1.13.5",
      "resolved": "https://registry.npmjs.org/sherpa-onnx-darwin-arm64/-/sherpa-onnx-darwin-arm64-1.13.5.tgz",
      "integrity": "sha512-weDBAV6da64j6PPYuuG1VYqHzmjthNFZmrFV9yyJ8YXxWrZvIe8kXXYvOIU2curODucvLObHosZU9kJ4uVwM3Q==",
      "cpu": [
        "arm64"
      ],
      "license": "Apache-2.0",
      "optional": true,
      "os": [
        "darwin"
      ]
    },
    "node_modules/sherpa-onnx-node": {
      "version": "1.13.5",
      "resolved": "https://registry.npmjs.org/sherpa-onnx-node/-/sherpa-onnx-node-1.13.5.tgz",
      "integrity": "sha512-ECkDTszTbHd4wzhVMnUXeGJN9dmkTGdbrjEvjTr/bNseJZ4vMre6VkFUREsrSaSCVZDUiBeICPTJPG3/f2kwSA==",
      "license": "Apache-2.0",
      "optionalDependencies": {
        "sherpa-onnx-darwin-arm64": "^1.13.5",
        "sherpa-onnx-darwin-x64": "^1.13.5",
        "sherpa-onnx-linux-arm64": "^1.13.5",
        "sherpa-onnx-linux-x64": "^1.13.5",
        "sherpa-onnx-win-ia32": "^1.13.5",
        "sherpa-onnx-win-x64": "^1.13.5"
      }
    },
    "node_modules/sherpa-onnx-node/node_modules/sherpa-onnx-darwin-x64": {
      "optional": true
    },
    "node_modules/sherpa-onnx-node/node_modules/sherpa-onnx-linux-arm64": {
      "optional": true
    },
    "node_modules/sherpa-onnx-node/node_modules/sherpa-onnx-linux-x64": {
      "optional": true
    },
    "node_modules/sherpa-onnx-node/node_modules/sherpa-onnx-win-ia32": {
      "optional": true
    },
    "node_modules/sherpa-onnx-node/node_modules/sherpa-onnx-win-x64": {
      "optional": true
    },
    "node_modules/simple-yenc": {
      "version": "1.0.4",
      "resolved": "https://registry.npmjs.org/simple-yenc/-/simple-yenc-1.0.4.tgz",
      "integrity": "sha512-5gvxpSd79e9a3V4QDYUqnqxeD4HGlhCakVpb6gMnDD7lexJggSBJRBO5h52y/iJrdXRilX9UCuDaIJhSWm5OWw==",
      "license": "MIT",
      "funding": {
        "type": "individual",
        "url": "https://github.com/sponsors/eshaz"
      }
    },
    "node_modules/typescript": {
      "version": "5.9.3",
      "resolved": "https://registry.npmjs.org/typescript/-/typescript-5.9.3.tgz",
      "integrity": "sha512-jl1vZzPDinLr9eUt3J/t7V6FgNEw9QjvBPdysz9KfQDD41fQrC2Y4vKQdiaUpFT4bXlb1RHhLpp8wtm6M5TgSw==",
      "license": "Apache-2.0",
      "peer": true,
      "bin": {
        "tsc": "bin/tsc",
        "tsserver": "bin/tsserver"
      },
      "engines": {
        "node": ">=14.17"
      }
    },
    "node_modules/ws": {
      "version": "8.21.3",
      "resolved": "https://registry.npmjs.org/ws/-/ws-8.21.3.tgz",
      "integrity": "sha512-201TZ/kPWxoPr/OKWjquZR1SWKXcvxdH+e1xrx89b3YbmzLMFCLfnaG1HFIgWzJOEWZ7MvpK++odZufgYR50Rw==",
      "license": "MIT",
      "engines": {
        "node": ">=10.0.0"
      },
      "peerDependencies": {
        "bufferutil": "^4.0.1",
        "utf-8-validate": ">=5.0.2"
      },
      "peerDependenciesMeta": {
        "bufferutil": {
          "optional": true
        },
        "utf-8-validate": {
          "optional": true
        }
      }
    }
  }
}
